
Microsoft Visual Studio Solution File, Format Version 12.00
# Visual Studio Version 16
VisualStudioVersion = 16.0.30717.126
MinimumVisualStudioVersion = 10.0.40219.1
Project("{FAE04EC0-301F-11D3-BF4B-00C04F79EFBC}") = "bt2", "bt2\bt2.csproj", "{590ACD83-279F-4B16-B05E-BBAC932A7834}"
EndProject
Global
	GlobalSection(SolutionConfigurationPlatforms) = preSolution
		Debug|Any CPU = Debug|Any CPU
		Release|Any CPU = Release|Any CPU
	EndGlobalSection
	GlobalSection(ProjectConfigurationPlatforms) = postSolution
		{590ACD83-279F-4B16-B05E-BBAC932A7834}.Debug|Any CPU.ActiveCfg = Debug|Any CPU
		{590ACD83-279F-4B16-B05E-BBAC932A7834}.Debug|Any CPU.Build.0 = Debug|Any CPU
		{590ACD83-279F-4B16-B05E-BBAC932A7834}.Release|Any CPU.ActiveCfg = Release|Any CPU
		{590ACD83-279F-4B16-B05E-BBAC932A7834}.Release|Any CPU.Build.0 = Release|Any CPU
	EndGlobalSection
	GlobalSection(SolutionProperties) = preSolution
		HideSolutionNode = FALSE
	EndGlobalSection
	GlobalSection(ExtensibilityGlobals) = postSolution
		SolutionGuid = {E27FF075-214F-4B0C-95B4-3824CD7E42B7}
	EndGlobalSection
EndGlobal
